
Microsoft Visual Studio Solution File, Format Version 12.00
# Visual Studio Version 16
VisualStudioVersion = 25.0.1706.12
MinimumVisualStudioVersion = 10.0.40219.1
Project("{FAE04EC0-301F-11D3-BF4B-00C04F79EFBC}") = "SlotMachineimproved.1", "SlotMachineimproved.1\SlotMachineimproved.1.csproj", "{A3AB7B4B-BDD1-4B29-9A1E-20E379CC4912}"
EndProject
Global
	GlobalSection(SolutionConfigurationPlatforms) = preSolution
		Debug|Any CPU = Debug|Any CPU
		Release|Any CPU = Release|Any CPU
	EndGlobalSection
	GlobalSection(ProjectConfigurationPlatforms) = postSolution
		{A3AB7B4B-BDD1-4B29-9A1E-20E379CC4912}.Debug|Any CPU.ActiveCfg = Debug|Any CPU
		{A3AB7B4B-BDD1-4B29-9A1E-20E379CC4912}.Debug|Any CPU.Build.0 = Debug|Any CPU
		{A3AB7B4B-BDD1-4B29-9A1E-20E379CC4912}.Release|Any CPU.ActiveCfg = Release|Any CPU
		{A3AB7B4B-BDD1-4B29-9A1E-20E379CC4912}.Release|Any CPU.Build.0 = Release|Any CPU
	EndGlobalSection
	GlobalSection(SolutionProperties) = preSolution
		HideSolutionNode = FALSE
	EndGlobalSection
	GlobalSection(ExtensibilityGlobals) = postSolution
		SolutionGuid = {8E54E392-D27F-4415-A784-E53DBE2B421E}
	EndGlobalSection
EndGlobal
